
Microsoft Visual Studio Solution File, Format Version 12.00
# Visual Studio Version 17
VisualStudioVersion = 17.3.32901.215
MinimumVisualStudioVersion = 10.0.40219.1
Project("{FAE04EC0-301F-11D3-BF4B-00C04F79EFBC}") = "Informes Ertes", "Informes Ertes\Informes Ertes.csproj", "{167D2FBF-2822-4339-B3F5-3B024367DFA9}"
EndProject
Global
	GlobalSection(SolutionConfigurationPlatforms) = preSolution
		Debug|Any CPU = Debug|Any CPU
		Release|Any CPU = Release|Any CPU
	EndGlobalSection
	GlobalSection(ProjectConfigurationPlatforms) = postSolution
		{167D2FBF-2822-4339-B3F5-3B024367DFA9}.Debug|Any CPU.ActiveCfg = Debug|Any CPU
		{167D2FBF-2822-4339-B3F5-3B024367DFA9}.Debug|Any CPU.Build.0 = Debug|Any CPU
		{167D2FBF-2822-4339-B3F5-3B024367DFA9}.Release|Any CPU.ActiveCfg = Release|Any CPU
		{167D2FBF-2822-4339-B3F5-3B024367DFA9}.Release|Any CPU.Build.0 = Release|Any CPU
	EndGlobalSection
	GlobalSection(SolutionProperties) = preSolution
		HideSolutionNode = FALSE
	EndGlobalSection
	GlobalSection(ExtensibilityGlobals) = postSolution
		SolutionGuid = {DB8037F8-1A0A-4F14-946B-E78A3F41909B}
	EndGlobalSection
EndGlobal
