
Microsoft Visual Studio Solution File, Format Version 12.00
# Visual Studio Version 17
VisualStudioVersion = 17.3.32901.215
MinimumVisualStudioVersion = 10.0.40219.1
Project("{FAE04EC0-301F-11D3-BF4B-00C04F79EFBC}") = "Plantillas", "PlantillasV2\Plantillas.csproj", "{29D14B6A-B44A-4FE5-A781-A77B4D31459B}"
EndProject
Global
	GlobalSection(SolutionConfigurationPlatforms) = preSolution
		Debug|Any CPU = Debug|Any CPU
		Release|Any CPU = Release|Any CPU
	EndGlobalSection
	GlobalSection(ProjectConfigurationPlatforms) = postSolution
		{29D14B6A-B44A-4FE5-A781-A77B4D31459B}.Debug|Any CPU.ActiveCfg = Debug|Any CPU
		{29D14B6A-B44A-4FE5-A781-A77B4D31459B}.Debug|Any CPU.Build.0 = Debug|Any CPU
		{29D14B6A-B44A-4FE5-A781-A77B4D31459B}.Release|Any CPU.ActiveCfg = Release|Any CPU
		{29D14B6A-B44A-4FE5-A781-A77B4D31459B}.Release|Any CPU.Build.0 = Release|Any CPU
	EndGlobalSection
	GlobalSection(SolutionProperties) = preSolution
		HideSolutionNode = FALSE
	EndGlobalSection
	GlobalSection(ExtensibilityGlobals) = postSolution
		SolutionGuid = {DC345CEE-ED20-402E-8C21-C1586D7EAC0C}
	EndGlobalSection
EndGlobal
